
Microsoft Visual Studio Solution File, Format Version 12.00
# Visual Studio Version 17
VisualStudioVersion = 17.7.34024.191
MinimumVisualStudioVersion = 10.0.40219.1
Project("{FAE04EC0-301F-11D3-BF4B-00C04F79EFBC}") = "WPF_File_Process", "WPF_File_Process\WPF_File_Process.csproj", "{4D8A6ED7-623E-46ED-AFFC-06A44C2410B4}"
EndProject
Global
	GlobalSection(SolutionConfigurationPlatforms) = preSolution
		Debug|Any CPU = Debug|Any CPU
		Release|Any CPU = Release|Any CPU
	EndGlobalSection
	GlobalSection(ProjectConfigurationPlatforms) = postSolution
		{4D8A6ED7-623E-46ED-AFFC-06A44C2410B4}.Debug|Any CPU.ActiveCfg = Debug|Any CPU
		{4D8A6ED7-623E-46ED-AFFC-06A44C2410B4}.Debug|Any CPU.Build.0 = Debug|Any CPU
		{4D8A6ED7-623E-46ED-AFFC-06A44C2410B4}.Release|Any CPU.ActiveCfg = Release|Any CPU
		{4D8A6ED7-623E-46ED-AFFC-06A44C2410B4}.Release|Any CPU.Build.0 = Release|Any CPU
	EndGlobalSection
	GlobalSection(SolutionProperties) = preSolution
		HideSolutionNode = FALSE
	EndGlobalSection
	GlobalSection(ExtensibilityGlobals) = postSolution
		SolutionGuid = {B072CDA0-5C27-40B9-ACE6-CCFF1B202D95}
	EndGlobalSection
EndGlobal
